// !$*UTF8*$!
{
	archiveVersion = 1;
	classes = {
	};
	objectVersion = 55;
	objects = {

/* Begin PBXBuildFile section */
		ED16DB14283688A600A02B30 /* AppDelegate.swift in Sources */ = {isa = PBXBuildFile; fileRef = ED16DB13283688A600A02B30 /* AppDelegate.swift */; };
		ED16DB16283688A600A02B30 /* SceneDelegate.swift in Sources */ = {isa = PBXBuildFile; fileRef = ED16DB15283688A600A02B30 /* SceneDelegate.swift */; };
		ED16DB1B283688A600A02B30 /* Main.storyboard in Resources */ = {isa = PBXBuildFile; fileRef = ED16DB19283688A600A02B30 /* Main.storyboard */; };
		ED16DB1D283688A900A02B30 /* Assets.xcassets in Resources */ = {isa = PBXBuildFile; fileRef = ED16DB1C283688A900A02B30 /* Assets.xcassets */; };
		ED16DB20283688A900A02B30 /* LaunchScreen.storyboard in Resources */ = {isa = PBXBuildFile; fileRef = ED16DB1E283688A900A02B30 /* LaunchScreen.storyboard */; };
		ED16DB2F28368AFB00A02B30 /* CollectionViewController.swift in Sources */ = {isa = PBXBuildFile; fileRef = ED16DB2E28368AFB00A02B30 /* CollectionViewController.swift */; };
		ED16DB3128368B2700A02B30 /* PokemonCell.swift in Sources */ = {isa = PBXBuildFile; fileRef = ED16DB3028368B2700A02B30 /* PokemonCell.swift */; };
		ED16DB342836910D00A02B30 /* PokemonModel.swift in Sources */ = {isa = PBXBuildFile; fileRef = ED16DB332836910D00A02B30 /* PokemonModel.swift */; };
		ED16DB362836B6BA00A02B30 /* NetworkManager.swift in Sources */ = {isa = PBXBuildFile; fileRef = ED16DB352836B6BA00A02B30 /* NetworkManager.swift */; };
/* End PBXBuildFile section */

/* Begin PBXFileReference section */
		ED16DB10283688A600A02B30 /* PokemonApp.app */ = {isa = PBXFileReference; explicitFileType = wrapper.application; includeInIndex = 0; path = PokemonApp.app; sourceTree = BUILT_PRODUCTS_DIR; };
		ED16DB13283688A600A02B30 /* AppDelegate.swift */ = {isa = PBXFileReference; lastKnownFileType = sourcecode.swift; path = AppDelegate.swift; sourceTree = "<group>"; };
		ED16DB15283688A600A02B30 /* SceneDelegate.swift */ = {isa = PBXFileReference; lastKnownFileType = sourcecode.swift; path = SceneDelegate.swift; sourceTree = "<group>"; };
		ED16DB1A283688A600A02B30 /* Base */ = {isa = PBXFileReference; lastKnownFileType = file.storyboard; name = Base; path = Base.lproj/Main.storyboard; sourceTree = "<group>"; };
		ED16DB1C283688A900A02B30 /* Assets.xcassets */ = {isa = PBXFileReference; lastKnownFileType = folder.assetcatalog; path = Assets.xcassets; sourceTree = "<group>"; };
		ED16DB1F283688A900A02B30 /* Base */ = {isa = PBXFileReference; lastKnownFileType = file.storyboard; name = Base; path = Base.lproj/LaunchScreen.storyboard; sourceTree = "<group>"; };
		ED16DB21283688A900A02B30 /* Info.plist */ = {isa = PBXFileReference; lastKnownFileType = text.plist.xml; path = Info.plist; sourceTree = "<group>"; };
		ED16DB2E28368AFB00A02B30 /* CollectionViewController.swift */ = {isa = PBXFileReference; lastKnownFileType = sourcecode.swift; path = CollectionViewController.swift; sourceTree = "<group>"; };
		ED16DB3028368B2700A02B30 /* PokemonCell.swift */ = {isa = PBXFileReference; lastKnownFileType = sourcecode.swift; path = PokemonCell.swift; sourceTree = "<group>"; };
		ED16DB332836910D00A02B30 /* PokemonModel.swift */ = {isa = PBXFileReference; lastKnownFileType = sourcecode.swift; path = PokemonModel.swift; sourceTree = "<group>"; };
		ED16DB352836B6BA00A02B30 /* NetworkManager.swift */ = {isa = PBXFileReference; lastKnownFileType = sourcecode.swift; path = NetworkManager.swift; sourceTree = "<group>"; };
/* End PBXFileReference section */

/* Begin PBXFrameworksBuildPhase section */
		ED16DB0D283688A600A02B30 /* Frameworks */ = {
			isa = PBXFrameworksBuildPhase;
			buildActionMask = 2147483647;
			files = (
			);
			runOnlyForDeploymentPostprocessing = 0;
		};
/* End PBXFrameworksBuildPhase section */

/* Begin PBXGroup section */
		ED16DB07283688A600A02B30 = {
			isa = PBXGroup;
			children = (
				ED16DB12283688A600A02B30 /* PokemonApp */,
				ED16DB11283688A600A02B30 /* Products */,
			);
			sourceTree = "<group>";
		};
		ED16DB11283688A600A02B30 /* Products */ = {
			isa = PBXGroup;
			children = (
				ED16DB10283688A600A02B30 /* PokemonApp.app */,
			);
			name = Products;
			sourceTree = "<group>";
		};
		ED16DB12283688A600A02B30 /* PokemonApp */ = {
			isa = PBXGroup;
			children = (
				ED16DB32283690F600A02B30 /* Networking */,
				ED16DB2A283688E700A02B30 /* Model */,
				ED16DB29283688D800A02B30 /* View */,
				ED16DB28283688BE00A02B30 /* Controller */,
				ED16DB27283688B400A02B30 /* Supporting Files */,
				ED16DB21283688A900A02B30 /* Info.plist */,
			);
			path = PokemonApp;
			sourceTree = "<group>";
		};
		ED16DB27283688B400A02B30 /* Supporting Files */ = {
			isa = PBXGroup;
			children = (
				ED16DB1C283688A900A02B30 /* Assets.xcassets */,
				ED16DB13283688A600A02B30 /* AppDelegate.swift */,
				ED16DB15283688A600A02B30 /* SceneDelegate.swift */,
			);
			path = "Supporting Files";
			sourceTree = "<group>";
		};
		ED16DB28283688BE00A02B30 /* Controller */ = {
			isa = PBXGroup;
			children = (
				ED16DB2E28368AFB00A02B30 /* CollectionViewController.swift */,
			);
			path = Controller;
			sourceTree = "<group>";
		};
		ED16DB29283688D800A02B30 /* View */ = {
			isa = PBXGroup;
			children = (
				ED16DB19283688A600A02B30 /* Main.storyboard */,
				ED16DB1E283688A900A02B30 /* LaunchScreen.storyboard */,
				ED16DB3028368B2700A02B30 /* PokemonCell.swift */,
			);
			path = View;
			sourceTree = "<group>";
		};
		ED16DB2A283688E700A02B30 /* Model */ = {
			isa = PBXGroup;
			children = (
				ED16DB332836910D00A02B30 /* PokemonModel.swift */,
			);
			path = Model;
			sourceTree = "<group>";
		};
		ED16DB32283690F600A02B30 /* Networking */ = {
			isa = PBXGroup;
			children = (
				ED16DB352836B6BA00A02B30 /* NetworkManager.swift */,
			);
			path = Networking;
			sourceTree = "<group>";
		};
/* End PBXGroup section */

/* Begin PBXNativeTarget section */
		ED16DB0F283688A600A02B30 /* PokemonApp */ = {
			isa = PBXNativeTarget;
			buildConfigurationList = ED16DB24283688A900A02B30 /* Build configuration list for PBXNativeTarget "PokemonApp" */;
			buildPhases = (
				ED16DB0C283688A600A02B30 /* Sources */,
				ED16DB0D283688A600A02B30 /* Frameworks */,
				ED16DB0E283688A600A02B30 /* Resources */,
			);
			buildRules = (
			);
			dependencies = (
			);
			name = PokemonApp;
			packageProductDependencies = (
			);
			productName = PokemonApp;
			productReference = ED16DB10283688A600A02B30 /* PokemonApp.app */;
			productType = "com.apple.product-type.application";
		};
/* End PBXNativeTarget section */

/* Begin PBXProject section */
		ED16DB08283688A600A02B30 /* Project object */ = {
			isa = PBXProject;
			attributes = {
				BuildIndependentTargetsInParallel = 1;
				LastSwiftUpdateCheck = 1340;
				LastUpgradeCheck = 1340;
				TargetAttributes = {
					ED16DB0F283688A600A02B30 = {
						CreatedOnToolsVersion = 13.4;
					};
				};
			};
			buildConfigurationList = ED16DB0B283688A600A02B30 /* Build configuration list for PBXProject "PokemonApp" */;
			compatibilityVersion = "Xcode 13.0";
			developmentRegion = en;
			hasScannedForEncodings = 0;
			knownRegions = (
				en,
				Base,
			);
			mainGroup = ED16DB07283688A600A02B30;
			packageReferences = (
			);
			productRefGroup = ED16DB11283688A600A02B30 /* Products */;
			projectDirPath = "";
			projectRoot = "";
			targets = (
				ED16DB0F283688A600A02B30 /* PokemonApp */,
			);
		};
/* End PBXProject section */

/* Begin PBXResourcesBuildPhase section */
		ED16DB0E283688A600A02B30 /* Resources */ = {
			isa = PBXResourcesBuildPhase;
			buildActionMask = 2147483647;
			files = (
				ED16DB20283688A900A02B30 /* LaunchScreen.storyboard in Resources */,
				ED16DB1D283688A900A02B30 /* Assets.xcassets in Resources */,
				ED16DB1B283688A600A02B30 /* Main.storyboard in Resources */,
			);
			runOnlyForDeploymentPostprocessing = 0;
		};
/* End PBXResourcesBuildPhase section */

/* Begin PBXSourcesBuildPhase section */
		ED16DB0C283688A600A02B30 /* Sources */ = {
			isa = PBXSourcesBuildPhase;
			buildActionMask = 2147483647;
			files = (
				ED16DB362836B6BA00A02B30 /* NetworkManager.swift in Sources */,
				ED16DB2F28368AFB00A02B30 /* CollectionViewController.swift in Sources */,
				ED16DB3128368B2700A02B30 /* PokemonCell.swift in Sources */,
				ED16DB14283688A600A02B30 /* AppDelegate.swift in Sources */,
				ED16DB342836910D00A02B30 /* PokemonModel.swift in Sources */,
				ED16DB16283688A600A02B30 /* SceneDelegate.swift in Sources */,
			);
			runOnlyForDeploymentPostprocessing = 0;
		};
/* End PBXSourcesBuildPhase section */

/* Begin PBXVariantGroup section */
		ED16DB19283688A600A02B30 /* Main.storyboard */ = {
			isa = PBXVariantGroup;
			children = (
				ED16DB1A283688A600A02B30 /* Base */,
			);
			name = Main.storyboard;
			sourceTree = "<group>";
		};
		ED16DB1E283688A900A02B30 /* LaunchScreen.storyboard */ = {
			isa = PBXVariantGroup;
			children = (
				ED16DB1F283688A900A02B30 /* Base */,
			);
			name = LaunchScreen.storyboard;
			sourceTree = "<group>";
		};
/* End PBXVariantGroup section */

/* Begin XCBuildConfiguration section */
		ED16DB22283688A900A02B30 /* Debug */ = {
			isa = XCBuildConfiguration;
			buildSettings = {
				ALWAYS_SEARCH_USER_PATHS = NO;
				CLANG_ANALYZER_NONNULL = YES;
				CLANG_ANALYZER_NUMBER_OBJECT_CONVERSION = YES_AGGRESSIVE;
				CLANG_CXX_LANGUAGE_STANDARD = "gnu++17";
				CLANG_ENABLE_MODULES = YES;
				CLANG_ENABLE_OBJC_ARC = YES;
				CLANG_ENABLE_OBJC_WEAK = YES;
				CLANG_WARN_BLOCK_CAPTURE_AUTORELEASING = YES;
				CLANG_WARN_BOOL_CONVERSION = YES;
				CLANG_WARN_COMMA = YES;
				CLANG_WARN_CONSTANT_CONVERSION = YES;
				CLANG_WARN_DEPRECATED_OBJC_IMPLEMENTATIONS = YES;
				CLANG_WARN_DIRECT_OBJC_ISA_USAGE = YES_ERROR;
				CLANG_WARN_DOCUMENTATION_COMMENTS = YES;
				CLANG_WARN_EMPTY_BODY = YES;
				CLANG_WARN_ENUM_CONVERSION = YES;
				CLANG_WARN_INFINITE_RECURSION = YES;
				CLANG_WARN_INT_CONVERSION = YES;
				CLANG_WARN_NON_LITERAL_NULL_CONVERSION = YES;
				CLANG_WARN_OBJC_IMPLICIT_RETAIN_SELF = YES;
				CLANG_WARN_OBJC_LITERAL_CONVERSION = YES;
				CLANG_WARN_OBJC_ROOT_CLASS = YES_ERROR;
				CLANG_WARN_QUOTED_INCLUDE_IN_FRAMEWORK_HEADER = YES;
				CLANG_WARN_RANGE_LOOP_ANALYSIS = YES;
				CLANG_WARN_STRICT_PROTOTYPES = YES;
				CLANG_WARN_SUSPICIOUS_MOVE = YES;
				CLANG_WARN_UNGUARDED_AVAILABILITY = YES_AGGRESSIVE;
				CLANG_WARN_UNREACHABLE_CODE = YES;
				CLANG_WARN__DUPLICATE_METHOD_MATCH = YES;
				COPY_PHASE_STRIP = NO;
				DEBUG_INFORMATION_FORMAT = dwarf;
				ENABLE_STRICT_OBJC_MSGSEND = YES;
				ENABLE_TESTABILITY = YES;
				GCC_C_LANGUAGE_STANDARD = gnu11;
				GCC_DYNAMIC_NO_PIC = NO;
				GCC_NO_COMMON_BLOCKS = YES;
				GCC_OPTIMIZATION_LEVEL = 0;
				GCC_PREPROCESSOR_DEFINITIONS = (
					"DEBUG=1",
					"$(inherited)",
				);
				GCC_WARN_64_TO_32_BIT_CONVERSION = YES;
				GCC_WARN_ABOUT_RETURN_TYPE = YES_ERROR;
				GCC_WARN_UNDECLARED_SELECTOR = YES;
				GCC_WARN_UNINITIALIZED_AUTOS = YES_AGGRESSIVE;
				GCC_WARN_UNUSED_FUNCTION = YES;
				GCC_WARN_UNUSED_VARIABLE = YES;
				IPHONEOS_DEPLOYMENT_TARGET = 13.0;
				MTL_ENABLE_DEBUG_INFO = INCLUDE_SOURCE;
				MTL_FAST_MATH = YES;
				ONLY_ACTIVE_ARCH = YES;
				SDKROOT = iphoneos;
				SWIFT_ACTIVE_COMPILATION_CONDITIONS = DEBUG;
				SWIFT_OPTIMIZATION_LEVEL = "-Onone";
			};
			name = Debug;
		};
		ED16DB23283688A900A02B30 /* Release */ = {
			isa = XCBuildConfiguration;
			buildSettings = {
				ALWAYS_SEARCH_USER_PATHS = NO;
				CLANG_ANALYZER_NONNULL = YES;
				CLANG_ANALYZER_NUMBER_OBJECT_CONVERSION = YES_AGGRESSIVE;
				CLANG_CXX_LANGUAGE_STANDARD = "gnu++17";
				CLANG_ENABLE_MODULES = YES;
				CLANG_ENABLE_OBJC_ARC = YES;
				CLANG_ENABLE_OBJC_WEAK = YES;
				CLANG_WARN_BLOCK_CAPTURE_AUTORELEASING = YES;
				CLANG_WARN_BOOL_CONVERSION = YES;
				CLANG_WARN_COMMA = YES;
				CLANG_WARN_CONSTANT_CONVERSION = YES;
				CLANG_WARN_DEPRECATED_OBJC_IMPLEMENTATIONS = YES;
				CLANG_WARN_DIRECT_OBJC_ISA_USAGE = YES_ERROR;
				CLANG_WARN_DOCUMENTATION_COMMENTS = YES;
				CLANG_WARN_EMPTY_BODY = YES;
				CLANG_WARN_ENUM_CONVERSION = YES;
				CLANG_WARN_INFINITE_RECURSION = YES;
				CLANG_WARN_INT_CONVERSION = YES;
				CLANG_WARN_NON_LITERAL_NULL_CONVERSION = YES;
				CLANG_WARN_OBJC_IMPLICIT_RETAIN_SELF = YES;
				CLANG_WARN_OBJC_LITERAL_CONVERSION = YES;
				CLANG_WARN_OBJC_ROOT_CLASS = YES_ERROR;
				CLANG_WARN_QUOTED_INCLUDE_IN_FRAMEWORK_HEADER = YES;
				CLANG_WARN_RANGE_LOOP_ANALYSIS = YES;
				CLANG_WARN_STRICT_PROTOTYPES = YES;
				CLANG_WARN_SUSPICIOUS_MOVE = YES;
				CLANG_WARN_UNGUARDED_AVAILABILITY = YES_AGGRESSIVE;
				CLANG_WARN_UNREACHABLE_CODE = YES;
				CLANG_WARN__DUPLICATE_METHOD_MATCH = YES;
				COPY_PHASE_STRIP = NO;
				DEBUG_INFORMATION_FORMAT = "dwarf-with-dsym";
				ENABLE_NS_ASSERTIONS = NO;
				ENABLE_STRICT_OBJC_MSGSEND = YES;
				GCC_C_LANGUAGE_STANDARD = gnu11;
				GCC_NO_COMMON_BLOCKS = YES;
				GCC_WARN_64_TO_32_BIT_CONVERSION = YES;
				GCC_WARN_ABOUT_RETURN_TYPE = YES_ERROR;
				GCC_WARN_UNDECLARED_SELECTOR = YES;
				GCC_WARN_UNINITIALIZED_AUTOS = YES_AGGRESSIVE;
				GCC_WARN_UNUSED_FUNCTION = YES;
				GCC_WARN_UNUSED_VARIABLE = YES;
				IPHONEOS_DEPLOYMENT_TARGET = 13.0;
				MTL_ENABLE_DEBUG_INFO = NO;
				MTL_FAST_MATH = YES;
				SDKROOT = iphoneos;
				SWIFT_COMPILATION_MODE = wholemodule;
				SWIFT_OPTIMIZATION_LEVEL = "-O";
				VALIDATE_PRODUCT = YES;
			};
			name = Release;
		};
		ED16DB25283688A900A02B30 /* Debug */ = {
			isa = XCBuildConfiguration;
			buildSettings = {
				ASSETCATALOG_COMPILER_APPICON_NAME = AppIcon;
				ASSETCATALOG_COMPILER_GLOBAL_ACCENT_COLOR_NAME = AccentColor;
				CODE_SIGN_STYLE = Automatic;
				CURRENT_PROJECT_VERSION = 1;
				DEVELOPMENT_TEAM = UBS68N6TVH;
				GENERATE_INFOPLIST_FILE = YES;
				INFOPLIST_FILE = PokemonApp/Info.plist;
				INFOPLIST_KEY_CFBundleDisplayName = Pokemon;
				INFOPLIST_KEY_UIApplicationSupportsIndirectInputEvents = YES;
				INFOPLIST_KEY_UILaunchStoryboardName = LaunchScreen;
				INFOPLIST_KEY_UIMainStoryboardFile = Main;
				INFOPLIST_KEY_UISupportedInterfaceOrientations_iPad = "UIInterfaceOrientationPortrait UIInterfaceOrientationPortraitUpsideDown UIInterfaceOrientationLandscapeLeft UIInterfaceOrientationLandscapeRight";
				INFOPLIST_KEY_UISupportedInterfaceOrientations_iPhone = "UIInterfaceOrientationPortrait UIInterfaceOrientationLandscapeLeft UIInterfaceOrientationLandscapeRight";
				LD_RUNPATH_SEARCH_PATHS = (
					"$(inherited)",
					"@executable_path/Frameworks",
				);
				MARKETING_VERSION = 1.0;
				PRODUCT_BUNDLE_IDENTIFIER = ru.kirillsutormin.PokemonApp;
				PRODUCT_NAME = "$(TARGET_NAME)";
				SWIFT_EMIT_LOC_STRINGS = YES;
				SWIFT_VERSION = 5.0;
				TARGETED_DEVICE_FAMILY = "1,2";
			};
			name = Debug;
		};
		ED16DB26283688A900A02B30 /* Release */ = {
			isa = XCBuildConfiguration;
			buildSettings = {
				ASSETCATALOG_COMPILER_APPICON_NAME = AppIcon;
				ASSETCATALOG_COMPILER_GLOBAL_ACCENT_COLOR_NAME = AccentColor;
				CODE_SIGN_STYLE = Automatic;
				CURRENT_PROJECT_VERSION = 1;
				DEVELOPMENT_TEAM = UBS68N6TVH;
				GENERATE_INFOPLIST_FILE = YES;
				INFOPLIST_FILE = PokemonApp/Info.plist;
				INFOPLIST_KEY_CFBundleDisplayName = Pokemon;
				INFOPLIST_KEY_UIApplicationSupportsIndirectInputEvents = YES;
				INFOPLIST_KEY_UILaunchStoryboardName = LaunchScreen;
				INFOPLIST_KEY_UIMainStoryboardFile = Main;
				INFOPLIST_KEY_UISupportedInterfaceOrientations_iPad = "UIInterfaceOrientationPortrait UIInterfaceOrientationPortraitUpsideDown UIInterfaceOrientationLandscapeLeft UIInterfaceOrientationLandscapeRight";
				INFOPLIST_KEY_UISupportedInterfaceOrientations_iPhone = "UIInterfaceOrientationPortrait UIInterfaceOrientationLandscapeLeft UIInterfaceOrientationLandscapeRight";
				LD_RUNPATH_SEARCH_PATHS = (
					"$(inherited)",
					"@executable_path/Frameworks",
				);
				MARKETING_VERSION = 1.0;
				PRODUCT_BUNDLE_IDENTIFIER = ru.kirillsutormin.PokemonApp;
				PRODUCT_NAME = "$(TARGET_NAME)";
				SWIFT_EMIT_LOC_STRINGS = YES;
				SWIFT_VERSION = 5.0;
				TARGETED_DEVICE_FAMILY = "1,2";
			};
			name = Release;
		};
/* End XCBuildConfiguration section */

/* Begin XCConfigurationList section */
		ED16DB0B283688A600A02B30 /* Build configuration list for PBXProject "PokemonApp" */ = {
			isa = XCConfigurationList;
			buildConfigurations = (
				ED16DB22283688A900A02B30 /* Debug */,
				ED16DB23283688A900A02B30 /* Release */,
			);
			defaultConfigurationIsVisible = 0;
			defaultConfigurationName = Release;
		};
		ED16DB24283688A900A02B30 /* Build configuration list for PBXNativeTarget "PokemonApp" */ = {
			isa = XCConfigurationList;
			buildConfigurations = (
				ED16DB25283688A900A02B30 /* Debug */,
				ED16DB26283688A900A02B30 /* Release */,
			);
			defaultConfigurationIsVisible = 0;
			defaultConfigurationName = Release;
		};
/* End XCConfigurationList section */
	};
	rootObject = ED16DB08283688A600A02B30 /* Project object */;
}
